
Microsoft Visual Studio Solution File, Format Version 12.00
Project("{FAE04EC0-301F-11D3-BF4B-00C04F79EFBC}") = "LisovaAuditSystem.Workers.API", "LisovaAuditSystem.Workers.API\LisovaAuditSystem.Workers.API.csproj", "{F2D17A82-B8F0-4CF9-BF9C-CB81AF5CDCEF}"
EndProject
Project("{FAE04EC0-301F-11D3-BF4B-00C04F79EFBC}") = "LisovaAuditSystem.Workers.Data.Tests", "LisovaAuditSystem.Workers.Data.Tests\LisovaAuditSystem.Workers.Data.Tests.csproj", "{19D6EE6B-F967-46F3-9521-B5F92F682848}"
EndProject
Project("{FAE04EC0-301F-11D3-BF4B-00C04F79EFBC}") = "LisovaAuditSystem.Workers.Mapping.Tests", "LisovaAuditSystem.Workers.Mapping.Tests\LisovaAuditSystem.Workers.Mapping.Tests.csproj", "{168EF023-BC74-403C-8EBA-CA946CA2C893}"
EndProject
Project("{FAE04EC0-301F-11D3-BF4B-00C04F79EFBC}") = "LisovaAuditSystem.Workers.Business.Tests", "LisovaAuditSystem.Workers.Business.Tests\LisovaAuditSystem.Workers.Business.Tests.csproj", "{897D547F-1191-4967-80B6-A170BED264CC}"
EndProject
Project("{FAE04EC0-301F-11D3-BF4B-00C04F79EFBC}") = "LisovaAuditSystem.Workers.Validation.Tests", "LisovaAuditSystem.Workers.Validation.Tests\LisovaAuditSystem.Workers.Validation.Tests.csproj", "{3088D829-05FB-42D2-800E-949AFA782E83}"
EndProject
Project("{FAE04EC0-301F-11D3-BF4B-00C04F79EFBC}") = "LisovaAuditSystem.Workers.API.Tests", "LisovaAuditSystem.Workers.API.Tests\LisovaAuditSystem.Workers.API.Tests.csproj", "{9F516E53-3654-46CD-BE44-1BA3C271B524}"
EndProject
Global
	GlobalSection(SolutionConfigurationPlatforms) = preSolution
		Debug|Any CPU = Debug|Any CPU
		Release|Any CPU = Release|Any CPU
	EndGlobalSection
	GlobalSection(ProjectConfigurationPlatforms) = postSolution
		{F2D17A82-B8F0-4CF9-BF9C-CB81AF5CDCEF}.Debug|Any CPU.ActiveCfg = Debug|Any CPU
		{F2D17A82-B8F0-4CF9-BF9C-CB81AF5CDCEF}.Debug|Any CPU.Build.0 = Debug|Any CPU
		{F2D17A82-B8F0-4CF9-BF9C-CB81AF5CDCEF}.Release|Any CPU.ActiveCfg = Release|Any CPU
		{F2D17A82-B8F0-4CF9-BF9C-CB81AF5CDCEF}.Release|Any CPU.Build.0 = Release|Any CPU
		{19D6EE6B-F967-46F3-9521-B5F92F682848}.Debug|Any CPU.ActiveCfg = Debug|Any CPU
		{19D6EE6B-F967-46F3-9521-B5F92F682848}.Debug|Any CPU.Build.0 = Debug|Any CPU
		{19D6EE6B-F967-46F3-9521-B5F92F682848}.Release|Any CPU.ActiveCfg = Release|Any CPU
		{19D6EE6B-F967-46F3-9521-B5F92F682848}.Release|Any CPU.Build.0 = Release|Any CPU
		{168EF023-BC74-403C-8EBA-CA946CA2C893}.Debug|Any CPU.ActiveCfg = Debug|Any CPU
		{168EF023-BC74-403C-8EBA-CA946CA2C893}.Debug|Any CPU.Build.0 = Debug|Any CPU
		{168EF023-BC74-403C-8EBA-CA946CA2C893}.Release|Any CPU.ActiveCfg = Release|Any CPU
		{168EF023-BC74-403C-8EBA-CA946CA2C893}.Release|Any CPU.Build.0 = Release|Any CPU
		{897D547F-1191-4967-80B6-A170BED264CC}.Debug|Any CPU.ActiveCfg = Debug|Any CPU
		{897D547F-1191-4967-80B6-A170BED264CC}.Debug|Any CPU.Build.0 = Debug|Any CPU
		{897D547F-1191-4967-80B6-A170BED264CC}.Release|Any CPU.ActiveCfg = Release|Any CPU
		{897D547F-1191-4967-80B6-A170BED264CC}.Release|Any CPU.Build.0 = Release|Any CPU
		{3088D829-05FB-42D2-800E-949AFA782E83}.Debug|Any CPU.ActiveCfg = Debug|Any CPU
		{3088D829-05FB-42D2-800E-949AFA782E83}.Debug|Any CPU.Build.0 = Debug|Any CPU
		{3088D829-05FB-42D2-800E-949AFA782E83}.Release|Any CPU.ActiveCfg = Release|Any CPU
		{3088D829-05FB-42D2-800E-949AFA782E83}.Release|Any CPU.Build.0 = Release|Any CPU
		{9F516E53-3654-46CD-BE44-1BA3C271B524}.Debug|Any CPU.ActiveCfg = Debug|Any CPU
		{9F516E53-3654-46CD-BE44-1BA3C271B524}.Debug|Any CPU.Build.0 = Debug|Any CPU
		{9F516E53-3654-46CD-BE44-1BA3C271B524}.Release|Any CPU.ActiveCfg = Release|Any CPU
		{9F516E53-3654-46CD-BE44-1BA3C271B524}.Release|Any CPU.Build.0 = Release|Any CPU
	EndGlobalSection
	GlobalSection(NestedProjects) = preSolution
	EndGlobalSection
EndGlobal
