
Microsoft Visual Studio Solution File, Format Version 12.00
Project("{FAE04EC0-301F-11D3-BF4B-00C04F79EFBC}") = "LisovaAuditSystem.Workers.API", "LisovaAuditSystem.Workers.API\LisovaAuditSystem.Workers.API.csproj", "{F2D17A82-B8F0-4CF9-BF9C-CB81AF5CDCEF}"
EndProject
Global
	GlobalSection(SolutionConfigurationPlatforms) = preSolution
		Debug|Any CPU = Debug|Any CPU
		Release|Any CPU = Release|Any CPU
	EndGlobalSection
	GlobalSection(ProjectConfigurationPlatforms) = postSolution
		{F2D17A82-B8F0-4CF9-BF9C-CB81AF5CDCEF}.Debug|Any CPU.ActiveCfg = Debug|Any CPU
		{F2D17A82-B8F0-4CF9-BF9C-CB81AF5CDCEF}.Debug|Any CPU.Build.0 = Debug|Any CPU
		{F2D17A82-B8F0-4CF9-BF9C-CB81AF5CDCEF}.Release|Any CPU.ActiveCfg = Release|Any CPU
		{F2D17A82-B8F0-4CF9-BF9C-CB81AF5CDCEF}.Release|Any CPU.Build.0 = Release|Any CPU
	EndGlobalSection
EndGlobal
